// !$*UTF8*$!
{
	archiveVersion = 1;
	classes = {
	};
	objectVersion = 77;
	objects = {

/* Begin PBXBuildFile section */
		2655A1092D11253C00E0EF57 /* Instructions.swift in Sources */ = {isa = PBXBuildFile; fileRef = 2655A1082D11253C00E0EF57 /* Instructions.swift */; };
		2655A10B2D112A5A00E0EF57 /* Settings.swift in Sources */ = {isa = PBXBuildFile; fileRef = 2655A10A2D112A5A00E0EF57 /* Settings.swift */; };
		2686893B2D1112E0008D46BE /* Constants.swift in Sources */ = {isa = PBXBuildFile; fileRef = 2686892E2D1112E0008D46BE /* Constants.swift */; };
		2686893C2D1112E0008D46BE /* ContentView.swift in Sources */ = {isa = PBXBuildFile; fileRef = 2686892F2D1112E0008D46BE /* ContentView.swift */; };
		2686893D2D1112E0008D46BE /* Harry_Potter_Trivia_iOS_AppApp.swift in Sources */ = {isa = PBXBuildFile; fileRef = 268689312D1112E0008D46BE /* Harry_Potter_Trivia_iOS_AppApp.swift */; };
		2686893E2D1112E0008D46BE /* Preview Assets.xcassets in Resources */ = {isa = PBXBuildFile; fileRef = 2686892B2D1112E0008D46BE /* Preview Assets.xcassets */; };
		2686893F2D1112E0008D46BE /* Assets.xcassets in Resources */ = {isa = PBXBuildFile; fileRef = 2686892D2D1112E0008D46BE /* Assets.xcassets */; };
		268689402D1112E0008D46BE /* deep-in-the-dell.mp3 in Resources */ = {isa = PBXBuildFile; fileRef = 268689302D1112E0008D46BE /* deep-in-the-dell.mp3 */; };
		268689412D1112E0008D46BE /* hiding-place-in-the-forest.mp3 in Resources */ = {isa = PBXBuildFile; fileRef = 268689322D1112E0008D46BE /* hiding-place-in-the-forest.mp3 */; };
		268689422D1112E0008D46BE /* let-the-mystery-unfold.mp3 in Resources */ = {isa = PBXBuildFile; fileRef = 268689332D1112E0008D46BE /* let-the-mystery-unfold.mp3 */; };
		268689432D1112E0008D46BE /* magic-in-the-air.mp3 in Resources */ = {isa = PBXBuildFile; fileRef = 268689342D1112E0008D46BE /* magic-in-the-air.mp3 */; };
		268689442D1112E0008D46BE /* magic-wand.mp3 in Resources */ = {isa = PBXBuildFile; fileRef = 268689352D1112E0008D46BE /* magic-wand.mp3 */; };
		268689452D1112E0008D46BE /* negative-beeps.mp3 in Resources */ = {isa = PBXBuildFile; fileRef = 268689362D1112E0008D46BE /* negative-beeps.mp3 */; };
		268689462D1112E0008D46BE /* page-flip.mp3 in Resources */ = {isa = PBXBuildFile; fileRef = 268689372D1112E0008D46BE /* page-flip.mp3 */; };
		268689472D1112E0008D46BE /* spellcraft.mp3 in Resources */ = {isa = PBXBuildFile; fileRef = 268689382D1112E0008D46BE /* spellcraft.mp3 */; };
		268689482D1112E0008D46BE /* trivia.json in Resources */ = {isa = PBXBuildFile; fileRef = 268689392D1112E0008D46BE /* trivia.json */; };
/* End PBXBuildFile section */

/* Begin PBXFileReference section */
		2655A1082D11253C00E0EF57 /* Instructions.swift */ = {isa = PBXFileReference; lastKnownFileType = sourcecode.swift; path = Instructions.swift; sourceTree = "<group>"; };
		2655A10A2D112A5A00E0EF57 /* Settings.swift */ = {isa = PBXFileReference; lastKnownFileType = sourcecode.swift; path = Settings.swift; sourceTree = "<group>"; };
		2686892B2D1112E0008D46BE /* Preview Assets.xcassets */ = {isa = PBXFileReference; lastKnownFileType = folder.assetcatalog; path = "Preview Assets.xcassets"; sourceTree = "<group>"; };
		2686892D2D1112E0008D46BE /* Assets.xcassets */ = {isa = PBXFileReference; lastKnownFileType = folder.assetcatalog; path = Assets.xcassets; sourceTree = "<group>"; };
		2686892E2D1112E0008D46BE /* Constants.swift */ = {isa = PBXFileReference; lastKnownFileType = sourcecode.swift; path = Constants.swift; sourceTree = "<group>"; };
		2686892F2D1112E0008D46BE /* ContentView.swift */ = {isa = PBXFileReference; lastKnownFileType = sourcecode.swift; path = ContentView.swift; sourceTree = "<group>"; };
		268689302D1112E0008D46BE /* deep-in-the-dell.mp3 */ = {isa = PBXFileReference; lastKnownFileType = audio.mp3; path = "deep-in-the-dell.mp3"; sourceTree = "<group>"; };
		268689312D1112E0008D46BE /* Harry_Potter_Trivia_iOS_AppApp.swift */ = {isa = PBXFileReference; lastKnownFileType = sourcecode.swift; path = Harry_Potter_Trivia_iOS_AppApp.swift; sourceTree = "<group>"; };
		268689322D1112E0008D46BE /* hiding-place-in-the-forest.mp3 */ = {isa = PBXFileReference; lastKnownFileType = audio.mp3; path = "hiding-place-in-the-forest.mp3"; sourceTree = "<group>"; };
		268689332D1112E0008D46BE /* let-the-mystery-unfold.mp3 */ = {isa = PBXFileReference; lastKnownFileType = audio.mp3; path = "let-the-mystery-unfold.mp3"; sourceTree = "<group>"; };
		268689342D1112E0008D46BE /* magic-in-the-air.mp3 */ = {isa = PBXFileReference; lastKnownFileType = audio.mp3; path = "magic-in-the-air.mp3"; sourceTree = "<group>"; };
		268689352D1112E0008D46BE /* magic-wand.mp3 */ = {isa = PBXFileReference; lastKnownFileType = audio.mp3; path = "magic-wand.mp3"; sourceTree = "<group>"; };
		268689362D1112E0008D46BE /* negative-beeps.mp3 */ = {isa = PBXFileReference; lastKnownFileType = audio.mp3; path = "negative-beeps.mp3"; sourceTree = "<group>"; };
		268689372D1112E0008D46BE /* page-flip.mp3 */ = {isa = PBXFileReference; lastKnownFileType = audio.mp3; path = "page-flip.mp3"; sourceTree = "<group>"; };
		268689382D1112E0008D46BE /* spellcraft.mp3 */ = {isa = PBXFileReference; lastKnownFileType = audio.mp3; path = spellcraft.mp3; sourceTree = "<group>"; };
		268689392D1112E0008D46BE /* trivia.json */ = {isa = PBXFileReference; lastKnownFileType = text.json; path = trivia.json; sourceTree = "<group>"; };
		26E589512D10835700C094D7 /* Harry_Potter_Trivia_iOS_App.app */ = {isa = PBXFileReference; explicitFileType = wrapper.application; includeInIndex = 0; path = Harry_Potter_Trivia_iOS_App.app; sourceTree = BUILT_PRODUCTS_DIR; };
/* End PBXFileReference section */

/* Begin PBXFrameworksBuildPhase section */
		26E5894E2D10835700C094D7 /* Frameworks */ = {
			isa = PBXFrameworksBuildPhase;
			buildActionMask = 2147483647;
			files = (
			);
			runOnlyForDeploymentPostprocessing = 0;
		};
/* End PBXFrameworksBuildPhase section */

/* Begin PBXGroup section */
		2686892C2D1112E0008D46BE /* Preview Content */ = {
			isa = PBXGroup;
			children = (
				2686892B2D1112E0008D46BE /* Preview Assets.xcassets */,
			);
			path = "Preview Content";
			sourceTree = "<group>";
		};
		2686893A2D1112E0008D46BE /* Harry_Potter_Trivia_iOS_App */ = {
			isa = PBXGroup;
			children = (
				2686892C2D1112E0008D46BE /* Preview Content */,
				2686892D2D1112E0008D46BE /* Assets.xcassets */,
				2686892F2D1112E0008D46BE /* ContentView.swift */,
				2655A10A2D112A5A00E0EF57 /* Settings.swift */,
				2655A1082D11253C00E0EF57 /* Instructions.swift */,
				2686892E2D1112E0008D46BE /* Constants.swift */,
				268689302D1112E0008D46BE /* deep-in-the-dell.mp3 */,
				268689312D1112E0008D46BE /* Harry_Potter_Trivia_iOS_AppApp.swift */,
				268689322D1112E0008D46BE /* hiding-place-in-the-forest.mp3 */,
				268689332D1112E0008D46BE /* let-the-mystery-unfold.mp3 */,
				268689342D1112E0008D46BE /* magic-in-the-air.mp3 */,
				268689352D1112E0008D46BE /* magic-wand.mp3 */,
				268689362D1112E0008D46BE /* negative-beeps.mp3 */,
				268689372D1112E0008D46BE /* page-flip.mp3 */,
				268689382D1112E0008D46BE /* spellcraft.mp3 */,
				268689392D1112E0008D46BE /* trivia.json */,
			);
			path = Harry_Potter_Trivia_iOS_App;
			sourceTree = "<group>";
		};
		26E589482D10835700C094D7 = {
			isa = PBXGroup;
			children = (
				2686893A2D1112E0008D46BE /* Harry_Potter_Trivia_iOS_App */,
				26E589522D10835700C094D7 /* Products */,
			);
			sourceTree = "<group>";
		};
		26E589522D10835700C094D7 /* Products */ = {
			isa = PBXGroup;
			children = (
				26E589512D10835700C094D7 /* Harry_Potter_Trivia_iOS_App.app */,
			);
			name = Products;
			sourceTree = "<group>";
		};
/* End PBXGroup section */

/* Begin PBXNativeTarget section */
		26E589502D10835700C094D7 /* Harry_Potter_Trivia_iOS_App */ = {
			isa = PBXNativeTarget;
			buildConfigurationList = 26E5895F2D10835700C094D7 /* Build configuration list for PBXNativeTarget "Harry_Potter_Trivia_iOS_App" */;
			buildPhases = (
				26E5894D2D10835700C094D7 /* Sources */,
				26E5894E2D10835700C094D7 /* Frameworks */,
				26E5894F2D10835700C094D7 /* Resources */,
			);
			buildRules = (
			);
			dependencies = (
			);
			name = Harry_Potter_Trivia_iOS_App;
			packageProductDependencies = (
			);
			productName = Harry_Potter_Trivia_iOS_App;
			productReference = 26E589512D10835700C094D7 /* Harry_Potter_Trivia_iOS_App.app */;
			productType = "com.apple.product-type.application";
		};
/* End PBXNativeTarget section */

/* Begin PBXProject section */
		26E589492D10835700C094D7 /* Project object */ = {
			isa = PBXProject;
			attributes = {
				BuildIndependentTargetsInParallel = 1;
				LastSwiftUpdateCheck = 1620;
				LastUpgradeCheck = 1620;
				TargetAttributes = {
					26E589502D10835700C094D7 = {
						CreatedOnToolsVersion = 16.2;
					};
				};
			};
			buildConfigurationList = 26E5894C2D10835700C094D7 /* Build configuration list for PBXProject "Harry_Potter_Trivia_iOS_App" */;
			developmentRegion = en;
			hasScannedForEncodings = 0;
			knownRegions = (
				en,
				Base,
			);
			mainGroup = 26E589482D10835700C094D7;
			minimizedProjectReferenceProxies = 1;
			preferredProjectObjectVersion = 77;
			productRefGroup = 26E589522D10835700C094D7 /* Products */;
			projectDirPath = "";
			projectRoot = "";
			targets = (
				26E589502D10835700C094D7 /* Harry_Potter_Trivia_iOS_App */,
			);
		};
/* End PBXProject section */

/* Begin PBXResourcesBuildPhase section */
		26E5894F2D10835700C094D7 /* Resources */ = {
			isa = PBXResourcesBuildPhase;
			buildActionMask = 2147483647;
			files = (
				2686893E2D1112E0008D46BE /* Preview Assets.xcassets in Resources */,
				2686893F2D1112E0008D46BE /* Assets.xcassets in Resources */,
				268689402D1112E0008D46BE /* deep-in-the-dell.mp3 in Resources */,
				268689412D1112E0008D46BE /* hiding-place-in-the-forest.mp3 in Resources */,
				268689422D1112E0008D46BE /* let-the-mystery-unfold.mp3 in Resources */,
				268689432D1112E0008D46BE /* magic-in-the-air.mp3 in Resources */,
				268689442D1112E0008D46BE /* magic-wand.mp3 in Resources */,
				268689452D1112E0008D46BE /* negative-beeps.mp3 in Resources */,
				268689462D1112E0008D46BE /* page-flip.mp3 in Resources */,
				268689472D1112E0008D46BE /* spellcraft.mp3 in Resources */,
				268689482D1112E0008D46BE /* trivia.json in Resources */,
			);
			runOnlyForDeploymentPostprocessing = 0;
		};
/* End PBXResourcesBuildPhase section */

/* Begin PBXSourcesBuildPhase section */
		26E5894D2D10835700C094D7 /* Sources */ = {
			isa = PBXSourcesBuildPhase;
			buildActionMask = 2147483647;
			files = (
				2686893B2D1112E0008D46BE /* Constants.swift in Sources */,
				2686893C2D1112E0008D46BE /* ContentView.swift in Sources */,
				2655A1092D11253C00E0EF57 /* Instructions.swift in Sources */,
				2686893D2D1112E0008D46BE /* Harry_Potter_Trivia_iOS_AppApp.swift in Sources */,
				2655A10B2D112A5A00E0EF57 /* Settings.swift in Sources */,
			);
			runOnlyForDeploymentPostprocessing = 0;
		};
/* End PBXSourcesBuildPhase section */

/* Begin XCBuildConfiguration section */
		26E5895D2D10835700C094D7 /* Debug */ = {
			isa = XCBuildConfiguration;
			buildSettings = {
				ALWAYS_SEARCH_USER_PATHS = NO;
				ASSETCATALOG_COMPILER_GENERATE_SWIFT_ASSET_SYMBOL_EXTENSIONS = YES;
				CLANG_ANALYZER_NONNULL = YES;
				CLANG_ANALYZER_NUMBER_OBJECT_CONVERSION = YES_AGGRESSIVE;
				CLANG_CXX_LANGUAGE_STANDARD = "gnu++20";
				CLANG_ENABLE_MODULES = YES;
				CLANG_ENABLE_OBJC_ARC = YES;
				CLANG_ENABLE_OBJC_WEAK = YES;
				CLANG_WARN_BLOCK_CAPTURE_AUTORELEASING = YES;
				CLANG_WARN_BOOL_CONVERSION = YES;
				CLANG_WARN_COMMA = YES;
				CLANG_WARN_CONSTANT_CONVERSION = YES;
				CLANG_WARN_DEPRECATED_OBJC_IMPLEMENTATIONS = YES;
				CLANG_WARN_DIRECT_OBJC_ISA_USAGE = YES_ERROR;
				CLANG_WARN_DOCUMENTATION_COMMENTS = YES;
				CLANG_WARN_EMPTY_BODY = YES;
				CLANG_WARN_ENUM_CONVERSION = YES;
				CLANG_WARN_INFINITE_RECURSION = YES;
				CLANG_WARN_INT_CONVERSION = YES;
				CLANG_WARN_NON_LITERAL_NULL_CONVERSION = YES;
				CLANG_WARN_OBJC_IMPLICIT_RETAIN_SELF = YES;
				CLANG_WARN_OBJC_LITERAL_CONVERSION = YES;
				CLANG_WARN_OBJC_ROOT_CLASS = YES_ERROR;
				CLANG_WARN_QUOTED_INCLUDE_IN_FRAMEWORK_HEADER = YES;
				CLANG_WARN_RANGE_LOOP_ANALYSIS = YES;
				CLANG_WARN_STRICT_PROTOTYPES = YES;
				CLANG_WARN_SUSPICIOUS_MOVE = YES;
				CLANG_WARN_UNGUARDED_AVAILABILITY = YES_AGGRESSIVE;
				CLANG_WARN_UNREACHABLE_CODE = YES;
				CLANG_WARN__DUPLICATE_METHOD_MATCH = YES;
				COPY_PHASE_STRIP = NO;
				DEBUG_INFORMATION_FORMAT = dwarf;
				ENABLE_STRICT_OBJC_MSGSEND = YES;
				ENABLE_TESTABILITY = YES;
				ENABLE_USER_SCRIPT_SANDBOXING = YES;
				GCC_C_LANGUAGE_STANDARD = gnu17;
				GCC_DYNAMIC_NO_PIC = NO;
				GCC_NO_COMMON_BLOCKS = YES;
				GCC_OPTIMIZATION_LEVEL = 0;
				GCC_PREPROCESSOR_DEFINITIONS = (
					"DEBUG=1",
					"$(inherited)",
				);
				GCC_WARN_64_TO_32_BIT_CONVERSION = YES;
				GCC_WARN_ABOUT_RETURN_TYPE = YES_ERROR;
				GCC_WARN_UNDECLARED_SELECTOR = YES;
				GCC_WARN_UNINITIALIZED_AUTOS = YES_AGGRESSIVE;
				GCC_WARN_UNUSED_FUNCTION = YES;
				GCC_WARN_UNUSED_VARIABLE = YES;
				IPHONEOS_DEPLOYMENT_TARGET = 18.2;
				LOCALIZATION_PREFERS_STRING_CATALOGS = YES;
				MTL_ENABLE_DEBUG_INFO = INCLUDE_SOURCE;
				MTL_FAST_MATH = YES;
				ONLY_ACTIVE_ARCH = YES;
				SDKROOT = iphoneos;
				SWIFT_ACTIVE_COMPILATION_CONDITIONS = "DEBUG $(inherited)";
				SWIFT_OPTIMIZATION_LEVEL = "-Onone";
			};
			name = Debug;
		};
		26E5895E2D10835700C094D7 /* Release */ = {
			isa = XCBuildConfiguration;
			buildSettings = {
				ALWAYS_SEARCH_USER_PATHS = NO;
				ASSETCATALOG_COMPILER_GENERATE_SWIFT_ASSET_SYMBOL_EXTENSIONS = YES;
				CLANG_ANALYZER_NONNULL = YES;
				CLANG_ANALYZER_NUMBER_OBJECT_CONVERSION = YES_AGGRESSIVE;
				CLANG_CXX_LANGUAGE_STANDARD = "gnu++20";
				CLANG_ENABLE_MODULES = YES;
				CLANG_ENABLE_OBJC_ARC = YES;
				CLANG_ENABLE_OBJC_WEAK = YES;
				CLANG_WARN_BLOCK_CAPTURE_AUTORELEASING = YES;
				CLANG_WARN_BOOL_CONVERSION = YES;
				CLANG_WARN_COMMA = YES;
				CLANG_WARN_CONSTANT_CONVERSION = YES;
				CLANG_WARN_DEPRECATED_OBJC_IMPLEMENTATIONS = YES;
				CLANG_WARN_DIRECT_OBJC_ISA_USAGE = YES_ERROR;
				CLANG_WARN_DOCUMENTATION_COMMENTS = YES;
				CLANG_WARN_EMPTY_BODY = YES;
				CLANG_WARN_ENUM_CONVERSION = YES;
				CLANG_WARN_INFINITE_RECURSION = YES;
				CLANG_WARN_INT_CONVERSION = YES;
				CLANG_WARN_NON_LITERAL_NULL_CONVERSION = YES;
				CLANG_WARN_OBJC_IMPLICIT_RETAIN_SELF = YES;
				CLANG_WARN_OBJC_LITERAL_CONVERSION = YES;
				CLANG_WARN_OBJC_ROOT_CLASS = YES_ERROR;
				CLANG_WARN_QUOTED_INCLUDE_IN_FRAMEWORK_HEADER = YES;
				CLANG_WARN_RANGE_LOOP_ANALYSIS = YES;
				CLANG_WARN_STRICT_PROTOTYPES = YES;
				CLANG_WARN_SUSPICIOUS_MOVE = YES;
				CLANG_WARN_UNGUARDED_AVAILABILITY = YES_AGGRESSIVE;
				CLANG_WARN_UNREACHABLE_CODE = YES;
				CLANG_WARN__DUPLICATE_METHOD_MATCH = YES;
				COPY_PHASE_STRIP = NO;
				DEBUG_INFORMATION_FORMAT = "dwarf-with-dsym";
				ENABLE_NS_ASSERTIONS = NO;
				ENABLE_STRICT_OBJC_MSGSEND = YES;
				ENABLE_USER_SCRIPT_SANDBOXING = YES;
				GCC_C_LANGUAGE_STANDARD = gnu17;
				GCC_NO_COMMON_BLOCKS = YES;
				GCC_WARN_64_TO_32_BIT_CONVERSION = YES;
				GCC_WARN_ABOUT_RETURN_TYPE = YES_ERROR;
				GCC_WARN_UNDECLARED_SELECTOR = YES;
				GCC_WARN_UNINITIALIZED_AUTOS = YES_AGGRESSIVE;
				GCC_WARN_UNUSED_FUNCTION = YES;
				GCC_WARN_UNUSED_VARIABLE = YES;
				IPHONEOS_DEPLOYMENT_TARGET = 18.2;
				LOCALIZATION_PREFERS_STRING_CATALOGS = YES;
				MTL_ENABLE_DEBUG_INFO = NO;
				MTL_FAST_MATH = YES;
				SDKROOT = iphoneos;
				SWIFT_COMPILATION_MODE = wholemodule;
				VALIDATE_PRODUCT = YES;
			};
			name = Release;
		};
		26E589602D10835700C094D7 /* Debug */ = {
			isa = XCBuildConfiguration;
			buildSettings = {
				ASSETCATALOG_COMPILER_APPICON_NAME = AppIcon;
				ASSETCATALOG_COMPILER_GLOBAL_ACCENT_COLOR_NAME = AccentColor;
				CODE_SIGN_STYLE = Automatic;
				CURRENT_PROJECT_VERSION = 1;
				DEVELOPMENT_ASSET_PATHS = "\"Harry_Potter_Trivia_iOS_App/Preview Content\"";
				DEVELOPMENT_TEAM = GDH63KYKJ3;
				ENABLE_PREVIEWS = YES;
				GENERATE_INFOPLIST_FILE = YES;
				INFOPLIST_KEY_UIApplicationSceneManifest_Generation = YES;
				INFOPLIST_KEY_UIApplicationSupportsIndirectInputEvents = YES;
				INFOPLIST_KEY_UILaunchScreen_Generation = YES;
				INFOPLIST_KEY_UISupportedInterfaceOrientations_iPad = "UIInterfaceOrientationPortrait UIInterfaceOrientationPortraitUpsideDown UIInterfaceOrientationLandscapeLeft UIInterfaceOrientationLandscapeRight";
				INFOPLIST_KEY_UISupportedInterfaceOrientations_iPhone = "UIInterfaceOrientationPortrait UIInterfaceOrientationLandscapeLeft UIInterfaceOrientationLandscapeRight";
				LD_RUNPATH_SEARCH_PATHS = (
					"$(inherited)",
					"@executable_path/Frameworks",
				);
				MARKETING_VERSION = 1.0;
				PRODUCT_BUNDLE_IDENTIFIER = "com.lyle.Harry-Potter-Trivia-iOS-App";
				PRODUCT_NAME = "$(TARGET_NAME)";
				SWIFT_EMIT_LOC_STRINGS = YES;
				SWIFT_VERSION = 5.0;
				TARGETED_DEVICE_FAMILY = "1,2";
			};
			name = Debug;
		};
		26E589612D10835700C094D7 /* Release */ = {
			isa = XCBuildConfiguration;
			buildSettings = {
				ASSETCATALOG_COMPILER_APPICON_NAME = AppIcon;
				ASSETCATALOG_COMPILER_GLOBAL_ACCENT_COLOR_NAME = AccentColor;
				CODE_SIGN_STYLE = Automatic;
				CURRENT_PROJECT_VERSION = 1;
				DEVELOPMENT_ASSET_PATHS = "\"Harry_Potter_Trivia_iOS_App/Preview Content\"";
				DEVELOPMENT_TEAM = GDH63KYKJ3;
				ENABLE_PREVIEWS = YES;
				GENERATE_INFOPLIST_FILE = YES;
				INFOPLIST_KEY_UIApplicationSceneManifest_Generation = YES;
				INFOPLIST_KEY_UIApplicationSupportsIndirectInputEvents = YES;
				INFOPLIST_KEY_UILaunchScreen_Generation = YES;
				INFOPLIST_KEY_UISupportedInterfaceOrientations_iPad = "UIInterfaceOrientationPortrait UIInterfaceOrientationPortraitUpsideDown UIInterfaceOrientationLandscapeLeft UIInterfaceOrientationLandscapeRight";
				INFOPLIST_KEY_UISupportedInterfaceOrientations_iPhone = "UIInterfaceOrientationPortrait UIInterfaceOrientationLandscapeLeft UIInterfaceOrientationLandscapeRight";
				LD_RUNPATH_SEARCH_PATHS = (
					"$(inherited)",
					"@executable_path/Frameworks",
				);
				MARKETING_VERSION = 1.0;
				PRODUCT_BUNDLE_IDENTIFIER = "com.lyle.Harry-Potter-Trivia-iOS-App";
				PRODUCT_NAME = "$(TARGET_NAME)";
				SWIFT_EMIT_LOC_STRINGS = YES;
				SWIFT_VERSION = 5.0;
				TARGETED_DEVICE_FAMILY = "1,2";
			};
			name = Release;
		};
/* End XCBuildConfiguration section */

/* Begin XCConfigurationList section */
		26E5894C2D10835700C094D7 /* Build configuration list for PBXProject "Harry_Potter_Trivia_iOS_App" */ = {
			isa = XCConfigurationList;
			buildConfigurations = (
				26E5895D2D10835700C094D7 /* Debug */,
				26E5895E2D10835700C094D7 /* Release */,
			);
			defaultConfigurationIsVisible = 0;
			defaultConfigurationName = Release;
		};
		26E5895F2D10835700C094D7 /* Build configuration list for PBXNativeTarget "Harry_Potter_Trivia_iOS_App" */ = {
			isa = XCConfigurationList;
			buildConfigurations = (
				26E589602D10835700C094D7 /* Debug */,
				26E589612D10835700C094D7 /* Release */,
			);
			defaultConfigurationIsVisible = 0;
			defaultConfigurationName = Release;
		};
/* End XCConfigurationList section */
	};
	rootObject = 26E589492D10835700C094D7 /* Project object */;
}
